
Microsoft Visual Studio Solution File, Format Version 12.00
# Visual Studio Version 17
VisualStudioVersion = 17.4.33020.496
MinimumVisualStudioVersion = 10.0.40219.1
Project("{FAE04EC0-301F-11D3-BF4B-00C04F79EFBC}") = "SerialisationApp", "SerialisationApp\SerialisationApp.csproj", "{C8AACA3A-DFF8-48AB-8D50-ECAA2463004E}"
EndProject
Global
	GlobalSection(SolutionConfigurationPlatforms) = preSolution
		Debug|Any CPU = Debug|Any CPU
		Release|Any CPU = Release|Any CPU
	EndGlobalSection
	GlobalSection(ProjectConfigurationPlatforms) = postSolution
		{C8AACA3A-DFF8-48AB-8D50-ECAA2463004E}.Debug|Any CPU.ActiveCfg = Debug|Any CPU
		{C8AACA3A-DFF8-48AB-8D50-ECAA2463004E}.Debug|Any CPU.Build.0 = Debug|Any CPU
		{C8AACA3A-DFF8-48AB-8D50-ECAA2463004E}.Release|Any CPU.ActiveCfg = Release|Any CPU
		{C8AACA3A-DFF8-48AB-8D50-ECAA2463004E}.Release|Any CPU.Build.0 = Release|Any CPU
	EndGlobalSection
	GlobalSection(SolutionProperties) = preSolution
		HideSolutionNode = FALSE
	EndGlobalSection
	GlobalSection(ExtensibilityGlobals) = postSolution
		SolutionGuid = {3CF63D95-9528-48B3-AFEE-8F7EA3D08C9E}
	EndGlobalSection
EndGlobal
